
Microsoft Visual Studio Solution File, Format Version 12.00
# Visual Studio Version 16
VisualStudioVersion = 16.0.29311.281
MinimumVisualStudioVersion = 10.0.40219.1
Project("{9A19103F-16F7-4668-BE54-9A1E7A4F7556}") = "WpfHostingSkeleton", "WpfHostingSkeleton.csproj", "{F513D2B1-71DA-4384-A51E-4CA3C92D7BFB}"
EndProject
Global
	GlobalSection(SolutionConfigurationPlatforms) = preSolution
		Debug|Any CPU = Debug|Any CPU
		Release|Any CPU = Release|Any CPU
	EndGlobalSection
	GlobalSection(ProjectConfigurationPlatforms) = postSolution
		{F513D2B1-71DA-4384-A51E-4CA3C92D7BFB}.Debug|Any CPU.ActiveCfg = Debug|Any CPU
		{F513D2B1-71DA-4384-A51E-4CA3C92D7BFB}.Debug|Any CPU.Build.0 = Debug|Any CPU
		{F513D2B1-71DA-4384-A51E-4CA3C92D7BFB}.Release|Any CPU.ActiveCfg = Release|Any CPU
		{F513D2B1-71DA-4384-A51E-4CA3C92D7BFB}.Release|Any CPU.Build.0 = Release|Any CPU
	EndGlobalSection
	GlobalSection(SolutionProperties) = preSolution
		HideSolutionNode = FALSE
	EndGlobalSection
	GlobalSection(ExtensibilityGlobals) = postSolution
		SolutionGuid = {F683E1DA-F0FD-4FB8-804F-ED720EE7FE8D}
	EndGlobalSection
EndGlobal
